// !$*UTF8*$!
{
	archiveVersion = 1;
	classes = {
	};
	objectVersion = 50;
	objects = {

/* Begin PBXBuildFile section */
		2800EF9E2182E141003BFCAD /* AppDelegate.swift in Sources */ = {isa = PBXBuildFile; fileRef = 2800EF9D2182E141003BFCAD /* AppDelegate.swift */; };
		2800EFA02182E141003BFCAD /* ViewController.swift in Sources */ = {isa = PBXBuildFile; fileRef = 2800EF9F2182E141003BFCAD /* ViewController.swift */; };
		2800EFA32182E141003BFCAD /* Main.storyboard in Resources */ = {isa = PBXBuildFile; fileRef = 2800EFA12182E141003BFCAD /* Main.storyboard */; };
		2800EFA52182E150003BFCAD /* Assets.xcassets in Resources */ = {isa = PBXBuildFile; fileRef = 2800EFA42182E150003BFCAD /* Assets.xcassets */; };
		2800EFA82182E150003BFCAD /* LaunchScreen.storyboard in Resources */ = {isa = PBXBuildFile; fileRef = 2800EFA62182E150003BFCAD /* LaunchScreen.storyboard */; };
		2800EFB32182E150003BFCAD /* Test11Tests.swift in Sources */ = {isa = PBXBuildFile; fileRef = 2800EFB22182E150003BFCAD /* Test11Tests.swift */; };
		2800EFBE2182E150003BFCAD /* Test11UITests.swift in Sources */ = {isa = PBXBuildFile; fileRef = 2800EFBD2182E150003BFCAD /* Test11UITests.swift */; };
		2811F71F219D3EDE0095D8DC /* LoginTableViewController.swift in Sources */ = {isa = PBXBuildFile; fileRef = 2811F71E219D3EDE0095D8DC /* LoginTableViewController.swift */; };
		2811F736219D7B520095D8DC /* ic_eye_open.png in Resources */ = {isa = PBXBuildFile; fileRef = 2811F72D219D7B510095D8DC /* ic_eye_open.png */; };
		2811F737219D7B520095D8DC /* ic_eye_open@3x.png in Resources */ = {isa = PBXBuildFile; fileRef = 2811F72E219D7B510095D8DC /* ic_eye_open@3x.png */; };
		2811F738219D7B520095D8DC /* ic_password_checkmark@3x.png in Resources */ = {isa = PBXBuildFile; fileRef = 2811F72F219D7B510095D8DC /* ic_password_checkmark@3x.png */; };
		2811F739219D7B520095D8DC /* ic_password_checkmark.png in Resources */ = {isa = PBXBuildFile; fileRef = 2811F730219D7B510095D8DC /* ic_password_checkmark.png */; };
		2811F73A219D7B520095D8DC /* ic_password_checkmark@2x.png in Resources */ = {isa = PBXBuildFile; fileRef = 2811F731219D7B510095D8DC /* ic_password_checkmark@2x.png */; };
		2811F73B219D7B520095D8DC /* ic_eye_closed.png in Resources */ = {isa = PBXBuildFile; fileRef = 2811F732219D7B510095D8DC /* ic_eye_closed.png */; };
		2811F73C219D7B520095D8DC /* ic_eye_open@2x.png in Resources */ = {isa = PBXBuildFile; fileRef = 2811F733219D7B520095D8DC /* ic_eye_open@2x.png */; };
		2811F73D219D7B520095D8DC /* ic_eye_closed@3x.png in Resources */ = {isa = PBXBuildFile; fileRef = 2811F734219D7B520095D8DC /* ic_eye_closed@3x.png */; };
		2811F73E219D7B520095D8DC /* ic_eye_closed@2x.png in Resources */ = {isa = PBXBuildFile; fileRef = 2811F735219D7B520095D8DC /* ic_eye_closed@2x.png */; };
		2811F741219D7B6B0095D8DC /* PasswordToggleVisibilityView.swift in Sources */ = {isa = PBXBuildFile; fileRef = 2811F73F219D7B6B0095D8DC /* PasswordToggleVisibilityView.swift */; };
		2811F742219D7B6B0095D8DC /* HideShowPasswordTextField.swift in Sources */ = {isa = PBXBuildFile; fileRef = 2811F740219D7B6B0095D8DC /* HideShowPasswordTextField.swift */; };
		285EC5FB2189ADD700F1BF55 /* struct1.swift in Sources */ = {isa = PBXBuildFile; fileRef = 285EC5FA2189ADD700F1BF55 /* struct1.swift */; };
		285EC5FD2189B5C500F1BF55 /* struct2.swift in Sources */ = {isa = PBXBuildFile; fileRef = 285EC5FC2189B5C500F1BF55 /* struct2.swift */; };
		28EF1671219AFB2F00B551F9 /* RoundButton.swift in Sources */ = {isa = PBXBuildFile; fileRef = 28EF1670219AFB2F00B551F9 /* RoundButton.swift */; };
		28EF1673219AFC8200B551F9 /* inspectableView.swift in Sources */ = {isa = PBXBuildFile; fileRef = 28EF1672219AFC8200B551F9 /* inspectableView.swift */; };
/* End PBXBuildFile section */

/* Begin PBXContainerItemProxy section */
		2800EFAF2182E150003BFCAD /* PBXContainerItemProxy */ = {
			isa = PBXContainerItemProxy;
			containerPortal = 2800EF922182E141003BFCAD /* Project object */;
			proxyType = 1;
			remoteGlobalIDString = 2800EF992182E141003BFCAD;
			remoteInfo = Test11;
		};
		2800EFBA2182E150003BFCAD /* PBXContainerItemProxy */ = {
			isa = PBXContainerItemProxy;
			containerPortal = 2800EF922182E141003BFCAD /* Project object */;
			proxyType = 1;
			remoteGlobalIDString = 2800EF992182E141003BFCAD;
			remoteInfo = Test11;
		};
/* End PBXContainerItemProxy section */

/* Begin PBXFileReference section */
		2800EF9A2182E141003BFCAD /* Test11.app */ = {isa = PBXFileReference; explicitFileType = wrapper.application; includeInIndex = 0; path = Test11.app; sourceTree = BUILT_PRODUCTS_DIR; };
		2800EF9D2182E141003BFCAD /* AppDelegate.swift */ = {isa = PBXFileReference; lastKnownFileType = sourcecode.swift; path = AppDelegate.swift; sourceTree = "<group>"; };
		2800EF9F2182E141003BFCAD /* ViewController.swift */ = {isa = PBXFileReference; lastKnownFileType = sourcecode.swift; path = ViewController.swift; sourceTree = "<group>"; };
		2800EFA22182E141003BFCAD /* Base */ = {isa = PBXFileReference; lastKnownFileType = file.storyboard; name = Base; path = Base.lproj/Main.storyboard; sourceTree = "<group>"; };
		2800EFA42182E150003BFCAD /* Assets.xcassets */ = {isa = PBXFileReference; lastKnownFileType = folder.assetcatalog; path = Assets.xcassets; sourceTree = "<group>"; };
		2800EFA72182E150003BFCAD /* Base */ = {isa = PBXFileReference; lastKnownFileType = file.storyboard; name = Base; path = Base.lproj/LaunchScreen.storyboard; sourceTree = "<group>"; };
		2800EFA92182E150003BFCAD /* Info.plist */ = {isa = PBXFileReference; lastKnownFileType = text.plist.xml; path = Info.plist; sourceTree = "<group>"; };
		2800EFAE2182E150003BFCAD /* Test11Tests.xctest */ = {isa = PBXFileReference; explicitFileType = wrapper.cfbundle; includeInIndex = 0; path = Test11Tests.xctest; sourceTree = BUILT_PRODUCTS_DIR; };
		2800EFB22182E150003BFCAD /* Test11Tests.swift */ = {isa = PBXFileReference; lastKnownFileType = sourcecode.swift; path = Test11Tests.swift; sourceTree = "<group>"; };
		2800EFB42182E150003BFCAD /* Info.plist */ = {isa = PBXFileReference; lastKnownFileType = text.plist.xml; path = Info.plist; sourceTree = "<group>"; };
		2800EFB92182E150003BFCAD /* Test11UITests.xctest */ = {isa = PBXFileReference; explicitFileType = wrapper.cfbundle; includeInIndex = 0; path = Test11UITests.xctest; sourceTree = BUILT_PRODUCTS_DIR; };
		2800EFBD2182E150003BFCAD /* Test11UITests.swift */ = {isa = PBXFileReference; lastKnownFileType = sourcecode.swift; path = Test11UITests.swift; sourceTree = "<group>"; };
		2800EFBF2182E150003BFCAD /* Info.plist */ = {isa = PBXFileReference; lastKnownFileType = text.plist.xml; path = Info.plist; sourceTree = "<group>"; };
		2811F71E219D3EDE0095D8DC /* LoginTableViewController.swift */ = {isa = PBXFileReference; lastKnownFileType = sourcecode.swift; path = LoginTableViewController.swift; sourceTree = "<group>"; };
		2811F72D219D7B510095D8DC /* ic_eye_open.png */ = {isa = PBXFileReference; lastKnownFileType = image.png; path = ic_eye_open.png; sourceTree = "<group>"; };
		2811F72E219D7B510095D8DC /* ic_eye_open@3x.png */ = {isa = PBXFileReference; lastKnownFileType = image.png; path = "ic_eye_open@3x.png"; sourceTree = "<group>"; };
		2811F72F219D7B510095D8DC /* ic_password_checkmark@3x.png */ = {isa = PBXFileReference; lastKnownFileType = image.png; path = "ic_password_checkmark@3x.png"; sourceTree = "<group>"; };
		2811F730219D7B510095D8DC /* ic_password_checkmark.png */ = {isa = PBXFileReference; lastKnownFileType = image.png; path = ic_password_checkmark.png; sourceTree = "<group>"; };
		2811F731219D7B510095D8DC /* ic_password_checkmark@2x.png */ = {isa = PBXFileReference; lastKnownFileType = image.png; path = "ic_password_checkmark@2x.png"; sourceTree = "<group>"; };
		2811F732219D7B510095D8DC /* ic_eye_closed.png */ = {isa = PBXFileReference; lastKnownFileType = image.png; path = ic_eye_closed.png; sourceTree = "<group>"; };
		2811F733219D7B520095D8DC /* ic_eye_open@2x.png */ = {isa = PBXFileReference; lastKnownFileType = image.png; path = "ic_eye_open@2x.png"; sourceTree = "<group>"; };
		2811F734219D7B520095D8DC /* ic_eye_closed@3x.png */ = {isa = PBXFileReference; lastKnownFileType = image.png; path = "ic_eye_closed@3x.png"; sourceTree = "<group>"; };
		2811F735219D7B520095D8DC /* ic_eye_closed@2x.png */ = {isa = PBXFileReference; lastKnownFileType = image.png; path = "ic_eye_closed@2x.png"; sourceTree = "<group>"; };
		2811F73F219D7B6B0095D8DC /* PasswordToggleVisibilityView.swift */ = {isa = PBXFileReference; fileEncoding = 4; lastKnownFileType = sourcecode.swift; path = PasswordToggleVisibilityView.swift; sourceTree = "<group>"; };
		2811F740219D7B6B0095D8DC /* HideShowPasswordTextField.swift */ = {isa = PBXFileReference; fileEncoding = 4; lastKnownFileType = sourcecode.swift; path = HideShowPasswordTextField.swift; sourceTree = "<group>"; };
		285EC5FA2189ADD700F1BF55 /* struct1.swift */ = {isa = PBXFileReference; lastKnownFileType = sourcecode.swift; path = struct1.swift; sourceTree = "<group>"; };
		285EC5FC2189B5C500F1BF55 /* struct2.swift */ = {isa = PBXFileReference; lastKnownFileType = sourcecode.swift; path = struct2.swift; sourceTree = "<group>"; };
		28EF1670219AFB2F00B551F9 /* RoundButton.swift */ = {isa = PBXFileReference; lastKnownFileType = sourcecode.swift; path = RoundButton.swift; sourceTree = "<group>"; };
		28EF1672219AFC8200B551F9 /* inspectableView.swift */ = {isa = PBXFileReference; lastKnownFileType = sourcecode.swift; path = inspectableView.swift; sourceTree = "<group>"; };
/* End PBXFileReference section */

/* Begin PBXFrameworksBuildPhase section */
		2800EF972182E141003BFCAD /* Frameworks */ = {
			isa = PBXFrameworksBuildPhase;
			buildActionMask = 2147483647;
			files = (
			);
			runOnlyForDeploymentPostprocessing = 0;
		};
		2800EFAB2182E150003BFCAD /* Frameworks */ = {
			isa = PBXFrameworksBuildPhase;
			buildActionMask = 2147483647;
			files = (
			);
			runOnlyForDeploymentPostprocessing = 0;
		};
		2800EFB62182E150003BFCAD /* Frameworks */ = {
			isa = PBXFrameworksBuildPhase;
			buildActionMask = 2147483647;
			files = (
			);
			runOnlyForDeploymentPostprocessing = 0;
		};
/* End PBXFrameworksBuildPhase section */

/* Begin PBXGroup section */
		2800EF912182E141003BFCAD = {
			isa = PBXGroup;
			children = (
				2800EF9C2182E141003BFCAD /* Test11 */,
				2800EFB12182E150003BFCAD /* Test11Tests */,
				2800EFBC2182E150003BFCAD /* Test11UITests */,
				2800EF9B2182E141003BFCAD /* Products */,
			);
			sourceTree = "<group>";
		};
		2800EF9B2182E141003BFCAD /* Products */ = {
			isa = PBXGroup;
			children = (
				2800EF9A2182E141003BFCAD /* Test11.app */,
				2800EFAE2182E150003BFCAD /* Test11Tests.xctest */,
				2800EFB92182E150003BFCAD /* Test11UITests.xctest */,
			);
			name = Products;
			sourceTree = "<group>";
		};
		2800EF9C2182E141003BFCAD /* Test11 */ = {
			isa = PBXGroup;
			children = (
				2811F743219D85B00095D8DC /* passwordtxtfld */,
				2811F732219D7B510095D8DC /* ic_eye_closed.png */,
				2811F735219D7B520095D8DC /* ic_eye_closed@2x.png */,
				2811F734219D7B520095D8DC /* ic_eye_closed@3x.png */,
				2811F72D219D7B510095D8DC /* ic_eye_open.png */,
				2811F733219D7B520095D8DC /* ic_eye_open@2x.png */,
				2811F72E219D7B510095D8DC /* ic_eye_open@3x.png */,
				2811F730219D7B510095D8DC /* ic_password_checkmark.png */,
				2811F731219D7B510095D8DC /* ic_password_checkmark@2x.png */,
				2811F72F219D7B510095D8DC /* ic_password_checkmark@3x.png */,
				2800EF9F2182E141003BFCAD /* ViewController.swift */,
				2800EF9D2182E141003BFCAD /* AppDelegate.swift */,
				2811F71E219D3EDE0095D8DC /* LoginTableViewController.swift */,
				2800EFA12182E141003BFCAD /* Main.storyboard */,
				2800EFA42182E150003BFCAD /* Assets.xcassets */,
				2800EFA62182E150003BFCAD /* LaunchScreen.storyboard */,
				2800EFA92182E150003BFCAD /* Info.plist */,
				285EC5FA2189ADD700F1BF55 /* struct1.swift */,
				285EC5FC2189B5C500F1BF55 /* struct2.swift */,
				28EF1670219AFB2F00B551F9 /* RoundButton.swift */,
				28EF1672219AFC8200B551F9 /* inspectableView.swift */,
			);
			path = Test11;
			sourceTree = "<group>";
		};
		2800EFB12182E150003BFCAD /* Test11Tests */ = {
			isa = PBXGroup;
			children = (
				2800EFB22182E150003BFCAD /* Test11Tests.swift */,
				2800EFB42182E150003BFCAD /* Info.plist */,
			);
			path = Test11Tests;
			sourceTree = "<group>";
		};
		2800EFBC2182E150003BFCAD /* Test11UITests */ = {
			isa = PBXGroup;
			children = (
				2800EFBD2182E150003BFCAD /* Test11UITests.swift */,
				2800EFBF2182E150003BFCAD /* Info.plist */,
			);
			path = Test11UITests;
			sourceTree = "<group>";
		};
		2811F743219D85B00095D8DC /* passwordtxtfld */ = {
			isa = PBXGroup;
			children = (
				2811F740219D7B6B0095D8DC /* HideShowPasswordTextField.swift */,
				2811F73F219D7B6B0095D8DC /* PasswordToggleVisibilityView.swift */,
			);
			path = passwordtxtfld;
			sourceTree = "<group>";
		};
/* End PBXGroup section */

/* Begin PBXNativeTarget section */
		2800EF992182E141003BFCAD /* Test11 */ = {
			isa = PBXNativeTarget;
			buildConfigurationList = 2800EFC22182E150003BFCAD /* Build configuration list for PBXNativeTarget "Test11" */;
			buildPhases = (
				2800EF962182E141003BFCAD /* Sources */,
				2800EF972182E141003BFCAD /* Frameworks */,
				2800EF982182E141003BFCAD /* Resources */,
			);
			buildRules = (
			);
			dependencies = (
			);
			name = Test11;
			productName = Test11;
			productReference = 2800EF9A2182E141003BFCAD /* Test11.app */;
			productType = "com.apple.product-type.application";
		};
		2800EFAD2182E150003BFCAD /* Test11Tests */ = {
			isa = PBXNativeTarget;
			buildConfigurationList = 2800EFC52182E150003BFCAD /* Build configuration list for PBXNativeTarget "Test11Tests" */;
			buildPhases = (
				2800EFAA2182E150003BFCAD /* Sources */,
				2800EFAB2182E150003BFCAD /* Frameworks */,
				2800EFAC2182E150003BFCAD /* Resources */,
			);
			buildRules = (
			);
			dependencies = (
				2800EFB02182E150003BFCAD /* PBXTargetDependency */,
			);
			name = Test11Tests;
			productName = Test11Tests;
			productReference = 2800EFAE2182E150003BFCAD /* Test11Tests.xctest */;
			productType = "com.apple.product-type.bundle.unit-test";
		};
		2800EFB82182E150003BFCAD /* Test11UITests */ = {
			isa = PBXNativeTarget;
			buildConfigurationList = 2800EFC82182E150003BFCAD /* Build configuration list for PBXNativeTarget "Test11UITests" */;
			buildPhases = (
				2800EFB52182E150003BFCAD /* Sources */,
				2800EFB62182E150003BFCAD /* Frameworks */,
				2800EFB72182E150003BFCAD /* Resources */,
			);
			buildRules = (
			);
			dependencies = (
				2800EFBB2182E150003BFCAD /* PBXTargetDependency */,
			);
			name = Test11UITests;
			productName = Test11UITests;
			productReference = 2800EFB92182E150003BFCAD /* Test11UITests.xctest */;
			productType = "com.apple.product-type.bundle.ui-testing";
		};
/* End PBXNativeTarget section */

/* Begin PBXProject section */
		2800EF922182E141003BFCAD /* Project object */ = {
			isa = PBXProject;
			attributes = {
				LastSwiftUpdateCheck = 1000;
				LastUpgradeCheck = 1000;
				ORGANIZATIONNAME = apple;
				TargetAttributes = {
					2800EF992182E141003BFCAD = {
						CreatedOnToolsVersion = 10.0;
					};
					2800EFAD2182E150003BFCAD = {
						CreatedOnToolsVersion = 10.0;
						TestTargetID = 2800EF992182E141003BFCAD;
					};
					2800EFB82182E150003BFCAD = {
						CreatedOnToolsVersion = 10.0;
						TestTargetID = 2800EF992182E141003BFCAD;
					};
				};
			};
			buildConfigurationList = 2800EF952182E141003BFCAD /* Build configuration list for PBXProject "Test11" */;
			compatibilityVersion = "Xcode 9.3";
			developmentRegion = en;
			hasScannedForEncodings = 0;
			knownRegions = (
				en,
				Base,
			);
			mainGroup = 2800EF912182E141003BFCAD;
			productRefGroup = 2800EF9B2182E141003BFCAD /* Products */;
			projectDirPath = "";
			projectRoot = "";
			targets = (
				2800EF992182E141003BFCAD /* Test11 */,
				2800EFAD2182E150003BFCAD /* Test11Tests */,
				2800EFB82182E150003BFCAD /* Test11UITests */,
			);
		};
/* End PBXProject section */

/* Begin PBXResourcesBuildPhase section */
		2800EF982182E141003BFCAD /* Resources */ = {
			isa = PBXResourcesBuildPhase;
			buildActionMask = 2147483647;
			files = (
				2800EFA82182E150003BFCAD /* LaunchScreen.storyboard in Resources */,
				2811F736219D7B520095D8DC /* ic_eye_open.png in Resources */,
				2811F73D219D7B520095D8DC /* ic_eye_closed@3x.png in Resources */,
				2800EFA52182E150003BFCAD /* Assets.xcassets in Resources */,
				2811F73E219D7B520095D8DC /* ic_eye_closed@2x.png in Resources */,
				2811F737219D7B520095D8DC /* ic_eye_open@3x.png in Resources */,
				2811F738219D7B520095D8DC /* ic_password_checkmark@3x.png in Resources */,
				2800EFA32182E141003BFCAD /* Main.storyboard in Resources */,
				2811F739219D7B520095D8DC /* ic_password_checkmark.png in Resources */,
				2811F73A219D7B520095D8DC /* ic_password_checkmark@2x.png in Resources */,
				2811F73C219D7B520095D8DC /* ic_eye_open@2x.png in Resources */,
				2811F73B219D7B520095D8DC /* ic_eye_closed.png in Resources */,
			);
			runOnlyForDeploymentPostprocessing = 0;
		};
		2800EFAC2182E150003BFCAD /* Resources */ = {
			isa = PBXResourcesBuildPhase;
			buildActionMask = 2147483647;
			files = (
			);
			runOnlyForDeploymentPostprocessing = 0;
		};
		2800EFB72182E150003BFCAD /* Resources */ = {
			isa = PBXResourcesBuildPhase;
			buildActionMask = 2147483647;
			files = (
			);
			runOnlyForDeploymentPostprocessing = 0;
		};
/* End PBXResourcesBuildPhase section */

/* Begin PBXSourcesBuildPhase section */
		2800EF962182E141003BFCAD /* Sources */ = {
			isa = PBXSourcesBuildPhase;
			buildActionMask = 2147483647;
			files = (
				2800EFA02182E141003BFCAD /* ViewController.swift in Sources */,
				2811F742219D7B6B0095D8DC /* HideShowPasswordTextField.swift in Sources */,
				2811F741219D7B6B0095D8DC /* PasswordToggleVisibilityView.swift in Sources */,
				28EF1673219AFC8200B551F9 /* inspectableView.swift in Sources */,
				28EF1671219AFB2F00B551F9 /* RoundButton.swift in Sources */,
				2800EF9E2182E141003BFCAD /* AppDelegate.swift in Sources */,
				285EC5FB2189ADD700F1BF55 /* struct1.swift in Sources */,
				285EC5FD2189B5C500F1BF55 /* struct2.swift in Sources */,
				2811F71F219D3EDE0095D8DC /* LoginTableViewController.swift in Sources */,
			);
			runOnlyForDeploymentPostprocessing = 0;
		};
		2800EFAA2182E150003BFCAD /* Sources */ = {
			isa = PBXSourcesBuildPhase;
			buildActionMask = 2147483647;
			files = (
				2800EFB32182E150003BFCAD /* Test11Tests.swift in Sources */,
			);
			runOnlyForDeploymentPostprocessing = 0;
		};
		2800EFB52182E150003BFCAD /* Sources */ = {
			isa = PBXSourcesBuildPhase;
			buildActionMask = 2147483647;
			files = (
				2800EFBE2182E150003BFCAD /* Test11UITests.swift in Sources */,
			);
			runOnlyForDeploymentPostprocessing = 0;
		};
/* End PBXSourcesBuildPhase section */

/* Begin PBXTargetDependency section */
		2800EFB02182E150003BFCAD /* PBXTargetDependency */ = {
			isa = PBXTargetDependency;
			target = 2800EF992182E141003BFCAD /* Test11 */;
			targetProxy = 2800EFAF2182E150003BFCAD /* PBXContainerItemProxy */;
		};
		2800EFBB2182E150003BFCAD /* PBXTargetDependency */ = {
			isa = PBXTargetDependency;
			target = 2800EF992182E141003BFCAD /* Test11 */;
			targetProxy = 2800EFBA2182E150003BFCAD /* PBXContainerItemProxy */;
		};
/* End PBXTargetDependency section */

/* Begin PBXVariantGroup section */
		2800EFA12182E141003BFCAD /* Main.storyboard */ = {
			isa = PBXVariantGroup;
			children = (
				2800EFA22182E141003BFCAD /* Base */,
			);
			name = Main.storyboard;
			sourceTree = "<group>";
		};
		2800EFA62182E150003BFCAD /* LaunchScreen.storyboard */ = {
			isa = PBXVariantGroup;
			children = (
				2800EFA72182E150003BFCAD /* Base */,
			);
			name = LaunchScreen.storyboard;
			sourceTree = "<group>";
		};
/* End PBXVariantGroup section */

/* Begin XCBuildConfiguration section */
		2800EFC02182E150003BFCAD /* Debug */ = {
			isa = XCBuildConfiguration;
			buildSettings = {
				ALWAYS_SEARCH_USER_PATHS = NO;
				CLANG_ANALYZER_NONNULL = YES;
				CLANG_ANALYZER_NUMBER_OBJECT_CONVERSION = YES_AGGRESSIVE;
				CLANG_CXX_LANGUAGE_STANDARD = "gnu++14";
				CLANG_CXX_LIBRARY = "libc++";
				CLANG_ENABLE_MODULES = YES;
				CLANG_ENABLE_OBJC_ARC = YES;
				CLANG_ENABLE_OBJC_WEAK = YES;
				CLANG_WARN_BLOCK_CAPTURE_AUTORELEASING = YES;
				CLANG_WARN_BOOL_CONVERSION = YES;
				CLANG_WARN_COMMA = YES;
				CLANG_WARN_CONSTANT_CONVERSION = YES;
				CLANG_WARN_DEPRECATED_OBJC_IMPLEMENTATIONS = YES;
				CLANG_WARN_DIRECT_OBJC_ISA_USAGE = YES_ERROR;
				CLANG_WARN_DOCUMENTATION_COMMENTS = YES;
				CLANG_WARN_EMPTY_BODY = YES;
				CLANG_WARN_ENUM_CONVERSION = YES;
				CLANG_WARN_INFINITE_RECURSION = YES;
				CLANG_WARN_INT_CONVERSION = YES;
				CLANG_WARN_NON_LITERAL_NULL_CONVERSION = YES;
				CLANG_WARN_OBJC_IMPLICIT_RETAIN_SELF = YES;
				CLANG_WARN_OBJC_LITERAL_CONVERSION = YES;
				CLANG_WARN_OBJC_ROOT_CLASS = YES_ERROR;
				CLANG_WARN_RANGE_LOOP_ANALYSIS = YES;
				CLANG_WARN_STRICT_PROTOTYPES = YES;
				CLANG_WARN_SUSPICIOUS_MOVE = YES;
				CLANG_WARN_UNGUARDED_AVAILABILITY = YES_AGGRESSIVE;
				CLANG_WARN_UNREACHABLE_CODE = YES;
				CLANG_WARN__DUPLICATE_METHOD_MATCH = YES;
				CODE_SIGN_IDENTITY = "iPhone Developer";
				COPY_PHASE_STRIP = NO;
				DEBUG_INFORMATION_FORMAT = dwarf;
				ENABLE_STRICT_OBJC_MSGSEND = YES;
				ENABLE_TESTABILITY = YES;
				GCC_C_LANGUAGE_STANDARD = gnu11;
				GCC_DYNAMIC_NO_PIC = NO;
				GCC_NO_COMMON_BLOCKS = YES;
				GCC_OPTIMIZATION_LEVEL = 0;
				GCC_PREPROCESSOR_DEFINITIONS = (
					"DEBUG=1",
					"$(inherited)",
				);
				GCC_WARN_64_TO_32_BIT_CONVERSION = YES;
				GCC_WARN_ABOUT_RETURN_TYPE = YES_ERROR;
				GCC_WARN_UNDECLARED_SELECTOR = YES;
				GCC_WARN_UNINITIALIZED_AUTOS = YES_AGGRESSIVE;
				GCC_WARN_UNUSED_FUNCTION = YES;
				GCC_WARN_UNUSED_VARIABLE = YES;
				IPHONEOS_DEPLOYMENT_TARGET = 12.0;
				MTL_ENABLE_DEBUG_INFO = INCLUDE_SOURCE;
				MTL_FAST_MATH = YES;
				ONLY_ACTIVE_ARCH = YES;
				SDKROOT = iphoneos;
				SWIFT_ACTIVE_COMPILATION_CONDITIONS = DEBUG;
				SWIFT_OPTIMIZATION_LEVEL = "-Onone";
			};
			name = Debug;
		};
		2800EFC12182E150003BFCAD /* Release */ = {
			isa = XCBuildConfiguration;
			buildSettings = {
				ALWAYS_SEARCH_USER_PATHS = NO;
				CLANG_ANALYZER_NONNULL = YES;
				CLANG_ANALYZER_NUMBER_OBJECT_CONVERSION = YES_AGGRESSIVE;
				CLANG_CXX_LANGUAGE_STANDARD = "gnu++14";
				CLANG_CXX_LIBRARY = "libc++";
				CLANG_ENABLE_MODULES = YES;
				CLANG_ENABLE_OBJC_ARC = YES;
				CLANG_ENABLE_OBJC_WEAK = YES;
				CLANG_WARN_BLOCK_CAPTURE_AUTORELEASING = YES;
				CLANG_WARN_BOOL_CONVERSION = YES;
				CLANG_WARN_COMMA = YES;
				CLANG_WARN_CONSTANT_CONVERSION = YES;
				CLANG_WARN_DEPRECATED_OBJC_IMPLEMENTATIONS = YES;
				CLANG_WARN_DIRECT_OBJC_ISA_USAGE = YES_ERROR;
				CLANG_WARN_DOCUMENTATION_COMMENTS = YES;
				CLANG_WARN_EMPTY_BODY = YES;
				CLANG_WARN_ENUM_CONVERSION = YES;
				CLANG_WARN_INFINITE_RECURSION = YES;
				CLANG_WARN_INT_CONVERSION = YES;
				CLANG_WARN_NON_LITERAL_NULL_CONVERSION = YES;
				CLANG_WARN_OBJC_IMPLICIT_RETAIN_SELF = YES;
				CLANG_WARN_OBJC_LITERAL_CONVERSION = YES;
				CLANG_WARN_OBJC_ROOT_CLASS = YES_ERROR;
				CLANG_WARN_RANGE_LOOP_ANALYSIS = YES;
				CLANG_WARN_STRICT_PROTOTYPES = YES;
				CLANG_WARN_SUSPICIOUS_MOVE = YES;
				CLANG_WARN_UNGUARDED_AVAILABILITY = YES_AGGRESSIVE;
				CLANG_WARN_UNREACHABLE_CODE = YES;
				CLANG_WARN__DUPLICATE_METHOD_MATCH = YES;
				CODE_SIGN_IDENTITY = "iPhone Developer";
				COPY_PHASE_STRIP = NO;
				DEBUG_INFORMATION_FORMAT = "dwarf-with-dsym";
				ENABLE_NS_ASSERTIONS = NO;
				ENABLE_STRICT_OBJC_MSGSEND = YES;
				GCC_C_LANGUAGE_STANDARD = gnu11;
				GCC_NO_COMMON_BLOCKS = YES;
				GCC_WARN_64_TO_32_BIT_CONVERSION = YES;
				GCC_WARN_ABOUT_RETURN_TYPE = YES_ERROR;
				GCC_WARN_UNDECLARED_SELECTOR = YES;
				GCC_WARN_UNINITIALIZED_AUTOS = YES_AGGRESSIVE;
				GCC_WARN_UNUSED_FUNCTION = YES;
				GCC_WARN_UNUSED_VARIABLE = YES;
				IPHONEOS_DEPLOYMENT_TARGET = 12.0;
				MTL_ENABLE_DEBUG_INFO = NO;
				MTL_FAST_MATH = YES;
				SDKROOT = iphoneos;
				SWIFT_COMPILATION_MODE = wholemodule;
				SWIFT_OPTIMIZATION_LEVEL = "-O";
				VALIDATE_PRODUCT = YES;
			};
			name = Release;
		};
		2800EFC32182E150003BFCAD /* Debug */ = {
			isa = XCBuildConfiguration;
			buildSettings = {
				ASSETCATALOG_COMPILER_APPICON_NAME = AppIcon;
				CODE_SIGN_STYLE = Automatic;
				DEVELOPMENT_TEAM = 4755664329;
				INFOPLIST_FILE = Test11/Info.plist;
				LD_RUNPATH_SEARCH_PATHS = (
					"$(inherited)",
					"@executable_path/Frameworks",
				);
				PRODUCT_BUNDLE_IDENTIFIER = exaact.Test11;
				PRODUCT_NAME = "$(TARGET_NAME)";
				SWIFT_VERSION = 4.2;
				TARGETED_DEVICE_FAMILY = "1,2";
			};
			name = Debug;
		};
		2800EFC42182E150003BFCAD /* Release */ = {
			isa = XCBuildConfiguration;
			buildSettings = {
				ASSETCATALOG_COMPILER_APPICON_NAME = AppIcon;
				CODE_SIGN_STYLE = Automatic;
				DEVELOPMENT_TEAM = 4755664329;
				INFOPLIST_FILE = Test11/Info.plist;
				LD_RUNPATH_SEARCH_PATHS = (
					"$(inherited)",
					"@executable_path/Frameworks",
				);
				PRODUCT_BUNDLE_IDENTIFIER = exaact.Test11;
				PRODUCT_NAME = "$(TARGET_NAME)";
				SWIFT_VERSION = 4.2;
				TARGETED_DEVICE_FAMILY = "1,2";
			};
			name = Release;
		};
		2800EFC62182E150003BFCAD /* Debug */ = {
			isa = XCBuildConfiguration;
			buildSettings = {
				ALWAYS_EMBED_SWIFT_STANDARD_LIBRARIES = YES;
				BUNDLE_LOADER = "$(TEST_HOST)";
				CODE_SIGN_STYLE = Automatic;
				DEVELOPMENT_TEAM = 4755664329;
				INFOPLIST_FILE = Test11Tests/Info.plist;
				LD_RUNPATH_SEARCH_PATHS = (
					"$(inherited)",
					"@executable_path/Frameworks",
					"@loader_path/Frameworks",
				);
				PRODUCT_BUNDLE_IDENTIFIER = exaact.Test11Tests;
				PRODUCT_NAME = "$(TARGET_NAME)";
				SWIFT_VERSION = 4.2;
				TARGETED_DEVICE_FAMILY = "1,2";
				TEST_HOST = "$(BUILT_PRODUCTS_DIR)/Test11.app/Test11";
			};
			name = Debug;
		};
		2800EFC72182E150003BFCAD /* Release */ = {
			isa = XCBuildConfiguration;
			buildSettings = {
				ALWAYS_EMBED_SWIFT_STANDARD_LIBRARIES = YES;
				BUNDLE_LOADER = "$(TEST_HOST)";
				CODE_SIGN_STYLE = Automatic;
				DEVELOPMENT_TEAM = 4755664329;
				INFOPLIST_FILE = Test11Tests/Info.plist;
				LD_RUNPATH_SEARCH_PATHS = (
					"$(inherited)",
					"@executable_path/Frameworks",
					"@loader_path/Frameworks",
				);
				PRODUCT_BUNDLE_IDENTIFIER = exaact.Test11Tests;
				PRODUCT_NAME = "$(TARGET_NAME)";
				SWIFT_VERSION = 4.2;
				TARGETED_DEVICE_FAMILY = "1,2";
				TEST_HOST = "$(BUILT_PRODUCTS_DIR)/Test11.app/Test11";
			};
			name = Release;
		};
		2800EFC92182E150003BFCAD /* Debug */ = {
			isa = XCBuildConfiguration;
			buildSettings = {
				ALWAYS_EMBED_SWIFT_STANDARD_LIBRARIES = YES;
				CODE_SIGN_STYLE = Automatic;
				DEVELOPMENT_TEAM = 4755664329;
				INFOPLIST_FILE = Test11UITests/Info.plist;
				LD_RUNPATH_SEARCH_PATHS = (
					"$(inherited)",
					"@executable_path/Frameworks",
					"@loader_path/Frameworks",
				);
				PRODUCT_BUNDLE_IDENTIFIER = exaact.Test11UITests;
				PRODUCT_NAME = "$(TARGET_NAME)";
				SWIFT_VERSION = 4.2;
				TARGETED_DEVICE_FAMILY = "1,2";
				TEST_TARGET_NAME = Test11;
			};
			name = Debug;
		};
		2800EFCA2182E150003BFCAD /* Release */ = {
			isa = XCBuildConfiguration;
			buildSettings = {
				ALWAYS_EMBED_SWIFT_STANDARD_LIBRARIES = YES;
				CODE_SIGN_STYLE = Automatic;
				DEVELOPMENT_TEAM = 4755664329;
				INFOPLIST_FILE = Test11UITests/Info.plist;
				LD_RUNPATH_SEARCH_PATHS = (
					"$(inherited)",
					"@executable_path/Frameworks",
					"@loader_path/Frameworks",
				);
				PRODUCT_BUNDLE_IDENTIFIER = exaact.Test11UITests;
				PRODUCT_NAME = "$(TARGET_NAME)";
				SWIFT_VERSION = 4.2;
				TARGETED_DEVICE_FAMILY = "1,2";
				TEST_TARGET_NAME = Test11;
			};
			name = Release;
		};
/* End XCBuildConfiguration section */

/* Begin XCConfigurationList section */
		2800EF952182E141003BFCAD /* Build configuration list for PBXProject "Test11" */ = {
			isa = XCConfigurationList;
			buildConfigurations = (
				2800EFC02182E150003BFCAD /* Debug */,
				2800EFC12182E150003BFCAD /* Release */,
			);
			defaultConfigurationIsVisible = 0;
			defaultConfigurationName = Release;
		};
		2800EFC22182E150003BFCAD /* Build configuration list for PBXNativeTarget "Test11" */ = {
			isa = XCConfigurationList;
			buildConfigurations = (
				2800EFC32182E150003BFCAD /* Debug */,
				2800EFC42182E150003BFCAD /* Release */,
			);
			defaultConfigurationIsVisible = 0;
			defaultConfigurationName = Release;
		};
		2800EFC52182E150003BFCAD /* Build configuration list for PBXNativeTarget "Test11Tests" */ = {
			isa = XCConfigurationList;
			buildConfigurations = (
				2800EFC62182E150003BFCAD /* Debug */,
				2800EFC72182E150003BFCAD /* Release */,
			);
			defaultConfigurationIsVisible = 0;
			defaultConfigurationName = Release;
		};
		2800EFC82182E150003BFCAD /* Build configuration list for PBXNativeTarget "Test11UITests" */ = {
			isa = XCConfigurationList;
			buildConfigurations = (
				2800EFC92182E150003BFCAD /* Debug */,
				2800EFCA2182E150003BFCAD /* Release */,
			);
			defaultConfigurationIsVisible = 0;
			defaultConfigurationName = Release;
		};
/* End XCConfigurationList section */
	};
	rootObject = 2800EF922182E141003BFCAD /* Project object */;
}
